
Microsoft Visual Studio Solution File, Format Version 12.00
# Visual Studio Version 17
VisualStudioVersion = 17.3.32825.248
MinimumVisualStudioVersion = 10.0.40219.1
Project("{2150E333-8FDC-42A3-9474-1A3956D46DE8}") = "UI", "UI", "{8C51A21B-195B-47CB-AFF5-5437CA9EB804}"
EndProject
Project("{2150E333-8FDC-42A3-9474-1A3956D46DE8}") = "Core", "Core", "{C7740061-6231-4D47-AAFA-3891D38D6006}"
EndProject
Project("{2150E333-8FDC-42A3-9474-1A3956D46DE8}") = "API", "API", "{38292FE6-94E3-4D4C-B65F-3D9564077771}"
EndProject
Project("{2150E333-8FDC-42A3-9474-1A3956D46DE8}") = "X", "X", "{68D97111-C322-4B28-8F34-9D750A350E84}"
	ProjectSection(SolutionItems) = preProject
		note-Hangfire.txt = note-Hangfire.txt
		note.txt = note.txt
		SqlQuery.sql = SqlQuery.sql
		SqlQuery_FileDetails.sql = SqlQuery_FileDetails.sql
		SqlQuery_members DP SP.sql = SqlQuery_members DP SP.sql
		SqlQuery_members.sql = SqlQuery_members.sql
		SqlQuery_PostFile.sql = SqlQuery_PostFile.sql
		SqlQuery_Task.sql = SqlQuery_Task.sql
		SqlQuery_uall.sql = SqlQuery_uall.sql
		SqlQuery_UserPWD.sql = SqlQuery_UserPWD.sql
		SuperHeorController.txt = SuperHeorController.txt
		ToDoItem.txt = ToDoItem.txt
	EndProjectSection
EndProject
Project("{2150E333-8FDC-42A3-9474-1A3956D46DE8}") = "Infrastructure", "Infrastructure", "{36904275-FAE2-44D0-93E0-2A6CFB66C0B8}"
EndProject
Project("{2150E333-8FDC-42A3-9474-1A3956D46DE8}") = "Service", "Service", "{F1794003-7F77-410B-A510-505BDBFD09EA}"
EndProject
Project("{9A19103F-16F7-4668-BE54-9A1E7A4F7556}") = "Prj.Net6.Core", "Prj.Net6.Core\Prj.Net6.Core.csproj", "{9AAD2220-5B35-4EB4-8B10-01603534A3F3}"
EndProject
Project("{9A19103F-16F7-4668-BE54-9A1E7A4F7556}") = "Prj.Net6.Infrastructure", "Prj.Net6.Infrastructure\Prj.Net6.Infrastructure.csproj", "{A172ADDE-A71C-43F6-8CFF-DA9B0CCD44EC}"
EndProject
Project("{9A19103F-16F7-4668-BE54-9A1E7A4F7556}") = "Prj.Net6.Service", "Prj.Net6.Service\Prj.Net6.Service.csproj", "{F392B815-2035-4710-BD31-46C47F797DDF}"
EndProject
Project("{9A19103F-16F7-4668-BE54-9A1E7A4F7556}") = "Prj.Net6.WebApp-MVC", "Prj.Net6.WebApp-MVC\Prj.Net6.WebApp-MVC.csproj", "{E7D90869-C745-4DAC-8468-64FEB86CAE89}"
EndProject
Project("{9A19103F-16F7-4668-BE54-9A1E7A4F7556}") = "Prj.Net6.WebApp-Razor", "Prj.Net6.WebApp-Razor\Prj.Net6.WebApp-Razor.csproj", "{E688CC95-419B-4D14-84E2-D3767C1BD46F}"
EndProject
Project("{9A19103F-16F7-4668-BE54-9A1E7A4F7556}") = "Prj.Net6.ConsoleApp", "Prj.Net6.ConsoleApp\Prj.Net6.ConsoleApp.csproj", "{7C1AB106-540D-4E82-95B7-75891DDCA1C5}"
EndProject
Project("{9A19103F-16F7-4668-BE54-9A1E7A4F7556}") = "Prj.Net6.WebApp-RazorBlog", "Prj.Net6.WebApp-RazorBlog\Prj.Net6.WebApp-RazorBlog.csproj", "{2FBF1F92-106D-43FF-B018-EE818290127E}"
EndProject
Project("{9A19103F-16F7-4668-BE54-9A1E7A4F7556}") = "Prj.Net6.Core.RazorBlog", "Prj.Net6.Core.RazorBlog\Prj.Net6.Core.RazorBlog.csproj", "{2310AA1E-96F5-4D43-B571-B3421E8A2E64}"
EndProject
Project("{9A19103F-16F7-4668-BE54-9A1E7A4F7556}") = "Prj.Net6.Infrastructure.RazorBlog", "Prj.Net6.Infrastructure.RazorBlog\Prj.Net6.Infrastructure.RazorBlog.csproj", "{5090371B-87DE-48F2-B08B-7B461F37F707}"
EndProject
Project("{9A19103F-16F7-4668-BE54-9A1E7A4F7556}") = "Prj.Net6.WebApp-MVCUOW", "Prj.Net6.WebApp-MVCUOW\Prj.Net6.WebApp-MVCUOW.csproj", "{39A39AD8-F105-42C2-99EA-58E5921DC40A}"
EndProject
Project("{9A19103F-16F7-4668-BE54-9A1E7A4F7556}") = "Prj.Net6.APIFileUpload", "Prj.Net6.APIFileUpload\Prj.Net6.APIFileUpload.csproj", "{7734301E-3B71-48EC-911D-5D306665408D}"
EndProject
Project("{9A19103F-16F7-4668-BE54-9A1E7A4F7556}") = "Prj.Net6.API", "Prj.Net6.API\Prj.Net6.API.csproj", "{ADB1BBF5-6570-4436-84BA-3924B7603888}"
EndProject
Project("{9A19103F-16F7-4668-BE54-9A1E7A4F7556}") = "Prj.Net6.ConsoleAppRabbitMQ", "Prj.Net6.ConsoleAppRabbitMQ\Prj.Net6.ConsoleAppRabbitMQ.csproj", "{11A0AE70-64BA-4CAE-B16E-7054D3268ECA}"
EndProject
Project("{9A19103F-16F7-4668-BE54-9A1E7A4F7556}") = "Prj.Net6.APIRabbitMQ", "Prj.Net6.APIRabbitMQ\Prj.Net6.APIRabbitMQ.csproj", "{52182E9C-FE7B-42E3-9101-CEB1C4CF471E}"
EndProject
Project("{9A19103F-16F7-4668-BE54-9A1E7A4F7556}") = "Prj.Net6.APIBasicAuth", "Prj.Net6.APIBasicAuth\Prj.Net6.APIBasicAuth.csproj", "{DF3209D8-3DF5-447E-9BCB-B8DF5728BC5D}"
EndProject
Project("{9A19103F-16F7-4668-BE54-9A1E7A4F7556}") = "Prj.Net6.APIJWTRefreshToke", "Prj.Net6.APIJWTRefreshToke\Prj.Net6.APIJWTRefreshToke.csproj", "{5927A990-7B92-4BE1-B960-1B935B29F1AF}"
EndProject
Project("{9A19103F-16F7-4668-BE54-9A1E7A4F7556}") = "Prj.Net6.ConsoleAppRESTSharp", "Prj.Net6.ConsoleAppRESTSharp\Prj.Net6.ConsoleAppRESTSharp.csproj", "{1D119C19-0205-4C23-A221-851DE102C810}"
EndProject
Project("{9A19103F-16F7-4668-BE54-9A1E7A4F7556}") = "Prj.Net6.APIDPWithSP", "Prj.Net6.APIDPWithSP\Prj.Net6.APIDPWithSP.csproj", "{787DB97E-D31E-4EEA-A802-58AA4824B4C2}"
EndProject
Project("{FAE04EC0-301F-11D3-BF4B-00C04F79EFBC}") = "Prj.Net6.APIBasicAuth2", "Prj.Net6.APIBasicAuth2\Prj.Net6.APIBasicAuth2.csproj", "{1D7292B5-3E33-4E45-8B43-7638A9FA243E}"
EndProject
Project("{FAE04EC0-301F-11D3-BF4B-00C04F79EFBC}") = "Prj.Net6.WebApp-MVCDatatable", "Prj.Net6.WebApp-MVCDatatable\Prj.Net6.WebApp-MVCDatatable.csproj", "{43A5DAB4-F33C-4603-BFE9-6EDFD36E9746}"
EndProject
Project("{FAE04EC0-301F-11D3-BF4B-00C04F79EFBC}") = "Prj.Net6.ConsoleAppJson", "Prj.Net6.ConsoleAppJson\Prj.Net6.ConsoleAppJson.csproj", "{FC9EBDCE-705F-4FA3-BDB5-62FBC3EA83FC}"
EndProject
Global
	GlobalSection(SolutionConfigurationPlatforms) = preSolution
		Debug|Any CPU = Debug|Any CPU
		Release|Any CPU = Release|Any CPU
	EndGlobalSection
	GlobalSection(ProjectConfigurationPlatforms) = postSolution
		{9AAD2220-5B35-4EB4-8B10-01603534A3F3}.Debug|Any CPU.ActiveCfg = Debug|Any CPU
		{9AAD2220-5B35-4EB4-8B10-01603534A3F3}.Debug|Any CPU.Build.0 = Debug|Any CPU
		{9AAD2220-5B35-4EB4-8B10-01603534A3F3}.Release|Any CPU.ActiveCfg = Release|Any CPU
		{9AAD2220-5B35-4EB4-8B10-01603534A3F3}.Release|Any CPU.Build.0 = Release|Any CPU
		{A172ADDE-A71C-43F6-8CFF-DA9B0CCD44EC}.Debug|Any CPU.ActiveCfg = Debug|Any CPU
		{A172ADDE-A71C-43F6-8CFF-DA9B0CCD44EC}.Debug|Any CPU.Build.0 = Debug|Any CPU
		{A172ADDE-A71C-43F6-8CFF-DA9B0CCD44EC}.Release|Any CPU.ActiveCfg = Release|Any CPU
		{A172ADDE-A71C-43F6-8CFF-DA9B0CCD44EC}.Release|Any CPU.Build.0 = Release|Any CPU
		{F392B815-2035-4710-BD31-46C47F797DDF}.Debug|Any CPU.ActiveCfg = Debug|Any CPU
		{F392B815-2035-4710-BD31-46C47F797DDF}.Debug|Any CPU.Build.0 = Debug|Any CPU
		{F392B815-2035-4710-BD31-46C47F797DDF}.Release|Any CPU.ActiveCfg = Release|Any CPU
		{F392B815-2035-4710-BD31-46C47F797DDF}.Release|Any CPU.Build.0 = Release|Any CPU
		{E7D90869-C745-4DAC-8468-64FEB86CAE89}.Debug|Any CPU.ActiveCfg = Debug|Any CPU
		{E7D90869-C745-4DAC-8468-64FEB86CAE89}.Debug|Any CPU.Build.0 = Debug|Any CPU
		{E7D90869-C745-4DAC-8468-64FEB86CAE89}.Release|Any CPU.ActiveCfg = Release|Any CPU
		{E7D90869-C745-4DAC-8468-64FEB86CAE89}.Release|Any CPU.Build.0 = Release|Any CPU
		{E688CC95-419B-4D14-84E2-D3767C1BD46F}.Debug|Any CPU.ActiveCfg = Debug|Any CPU
		{E688CC95-419B-4D14-84E2-D3767C1BD46F}.Debug|Any CPU.Build.0 = Debug|Any CPU
		{E688CC95-419B-4D14-84E2-D3767C1BD46F}.Release|Any CPU.ActiveCfg = Release|Any CPU
		{E688CC95-419B-4D14-84E2-D3767C1BD46F}.Release|Any CPU.Build.0 = Release|Any CPU
		{7C1AB106-540D-4E82-95B7-75891DDCA1C5}.Debug|Any CPU.ActiveCfg = Debug|Any CPU
		{7C1AB106-540D-4E82-95B7-75891DDCA1C5}.Debug|Any CPU.Build.0 = Debug|Any CPU
		{7C1AB106-540D-4E82-95B7-75891DDCA1C5}.Release|Any CPU.ActiveCfg = Release|Any CPU
		{7C1AB106-540D-4E82-95B7-75891DDCA1C5}.Release|Any CPU.Build.0 = Release|Any CPU
		{2FBF1F92-106D-43FF-B018-EE818290127E}.Debug|Any CPU.ActiveCfg = Debug|Any CPU
		{2FBF1F92-106D-43FF-B018-EE818290127E}.Debug|Any CPU.Build.0 = Debug|Any CPU
		{2FBF1F92-106D-43FF-B018-EE818290127E}.Release|Any CPU.ActiveCfg = Release|Any CPU
		{2FBF1F92-106D-43FF-B018-EE818290127E}.Release|Any CPU.Build.0 = Release|Any CPU
		{2310AA1E-96F5-4D43-B571-B3421E8A2E64}.Debug|Any CPU.ActiveCfg = Debug|Any CPU
		{2310AA1E-96F5-4D43-B571-B3421E8A2E64}.Debug|Any CPU.Build.0 = Debug|Any CPU
		{2310AA1E-96F5-4D43-B571-B3421E8A2E64}.Release|Any CPU.ActiveCfg = Release|Any CPU
		{2310AA1E-96F5-4D43-B571-B3421E8A2E64}.Release|Any CPU.Build.0 = Release|Any CPU
		{5090371B-87DE-48F2-B08B-7B461F37F707}.Debug|Any CPU.ActiveCfg = Debug|Any CPU
		{5090371B-87DE-48F2-B08B-7B461F37F707}.Debug|Any CPU.Build.0 = Debug|Any CPU
		{5090371B-87DE-48F2-B08B-7B461F37F707}.Release|Any CPU.ActiveCfg = Release|Any CPU
		{5090371B-87DE-48F2-B08B-7B461F37F707}.Release|Any CPU.Build.0 = Release|Any CPU
		{39A39AD8-F105-42C2-99EA-58E5921DC40A}.Debug|Any CPU.ActiveCfg = Debug|Any CPU
		{39A39AD8-F105-42C2-99EA-58E5921DC40A}.Debug|Any CPU.Build.0 = Debug|Any CPU
		{39A39AD8-F105-42C2-99EA-58E5921DC40A}.Release|Any CPU.ActiveCfg = Release|Any CPU
		{39A39AD8-F105-42C2-99EA-58E5921DC40A}.Release|Any CPU.Build.0 = Release|Any CPU
		{7734301E-3B71-48EC-911D-5D306665408D}.Debug|Any CPU.ActiveCfg = Debug|Any CPU
		{7734301E-3B71-48EC-911D-5D306665408D}.Debug|Any CPU.Build.0 = Debug|Any CPU
		{7734301E-3B71-48EC-911D-5D306665408D}.Release|Any CPU.ActiveCfg = Release|Any CPU
		{7734301E-3B71-48EC-911D-5D306665408D}.Release|Any CPU.Build.0 = Release|Any CPU
		{ADB1BBF5-6570-4436-84BA-3924B7603888}.Debug|Any CPU.ActiveCfg = Debug|Any CPU
		{ADB1BBF5-6570-4436-84BA-3924B7603888}.Debug|Any CPU.Build.0 = Debug|Any CPU
		{ADB1BBF5-6570-4436-84BA-3924B7603888}.Release|Any CPU.ActiveCfg = Release|Any CPU
		{ADB1BBF5-6570-4436-84BA-3924B7603888}.Release|Any CPU.Build.0 = Release|Any CPU
		{11A0AE70-64BA-4CAE-B16E-7054D3268ECA}.Debug|Any CPU.ActiveCfg = Debug|Any CPU
		{11A0AE70-64BA-4CAE-B16E-7054D3268ECA}.Debug|Any CPU.Build.0 = Debug|Any CPU
		{11A0AE70-64BA-4CAE-B16E-7054D3268ECA}.Release|Any CPU.ActiveCfg = Release|Any CPU
		{11A0AE70-64BA-4CAE-B16E-7054D3268ECA}.Release|Any CPU.Build.0 = Release|Any CPU
		{52182E9C-FE7B-42E3-9101-CEB1C4CF471E}.Debug|Any CPU.ActiveCfg = Debug|Any CPU
		{52182E9C-FE7B-42E3-9101-CEB1C4CF471E}.Debug|Any CPU.Build.0 = Debug|Any CPU
		{52182E9C-FE7B-42E3-9101-CEB1C4CF471E}.Release|Any CPU.ActiveCfg = Release|Any CPU
		{52182E9C-FE7B-42E3-9101-CEB1C4CF471E}.Release|Any CPU.Build.0 = Release|Any CPU
		{DF3209D8-3DF5-447E-9BCB-B8DF5728BC5D}.Debug|Any CPU.ActiveCfg = Debug|Any CPU
		{DF3209D8-3DF5-447E-9BCB-B8DF5728BC5D}.Debug|Any CPU.Build.0 = Debug|Any CPU
		{DF3209D8-3DF5-447E-9BCB-B8DF5728BC5D}.Release|Any CPU.ActiveCfg = Release|Any CPU
		{DF3209D8-3DF5-447E-9BCB-B8DF5728BC5D}.Release|Any CPU.Build.0 = Release|Any CPU
		{5927A990-7B92-4BE1-B960-1B935B29F1AF}.Debug|Any CPU.ActiveCfg = Debug|Any CPU
		{5927A990-7B92-4BE1-B960-1B935B29F1AF}.Debug|Any CPU.Build.0 = Debug|Any CPU
		{5927A990-7B92-4BE1-B960-1B935B29F1AF}.Release|Any CPU.ActiveCfg = Release|Any CPU
		{5927A990-7B92-4BE1-B960-1B935B29F1AF}.Release|Any CPU.Build.0 = Release|Any CPU
		{1D119C19-0205-4C23-A221-851DE102C810}.Debug|Any CPU.ActiveCfg = Debug|Any CPU
		{1D119C19-0205-4C23-A221-851DE102C810}.Debug|Any CPU.Build.0 = Debug|Any CPU
		{1D119C19-0205-4C23-A221-851DE102C810}.Release|Any CPU.ActiveCfg = Release|Any CPU
		{1D119C19-0205-4C23-A221-851DE102C810}.Release|Any CPU.Build.0 = Release|Any CPU
		{787DB97E-D31E-4EEA-A802-58AA4824B4C2}.Debug|Any CPU.ActiveCfg = Debug|Any CPU
		{787DB97E-D31E-4EEA-A802-58AA4824B4C2}.Debug|Any CPU.Build.0 = Debug|Any CPU
		{787DB97E-D31E-4EEA-A802-58AA4824B4C2}.Release|Any CPU.ActiveCfg = Release|Any CPU
		{787DB97E-D31E-4EEA-A802-58AA4824B4C2}.Release|Any CPU.Build.0 = Release|Any CPU
		{1D7292B5-3E33-4E45-8B43-7638A9FA243E}.Debug|Any CPU.ActiveCfg = Debug|Any CPU
		{1D7292B5-3E33-4E45-8B43-7638A9FA243E}.Debug|Any CPU.Build.0 = Debug|Any CPU
		{1D7292B5-3E33-4E45-8B43-7638A9FA243E}.Release|Any CPU.ActiveCfg = Release|Any CPU
		{1D7292B5-3E33-4E45-8B43-7638A9FA243E}.Release|Any CPU.Build.0 = Release|Any CPU
		{43A5DAB4-F33C-4603-BFE9-6EDFD36E9746}.Debug|Any CPU.ActiveCfg = Debug|Any CPU
		{43A5DAB4-F33C-4603-BFE9-6EDFD36E9746}.Debug|Any CPU.Build.0 = Debug|Any CPU
		{43A5DAB4-F33C-4603-BFE9-6EDFD36E9746}.Release|Any CPU.ActiveCfg = Release|Any CPU
		{43A5DAB4-F33C-4603-BFE9-6EDFD36E9746}.Release|Any CPU.Build.0 = Release|Any CPU
		{FC9EBDCE-705F-4FA3-BDB5-62FBC3EA83FC}.Debug|Any CPU.ActiveCfg = Debug|Any CPU
		{FC9EBDCE-705F-4FA3-BDB5-62FBC3EA83FC}.Debug|Any CPU.Build.0 = Debug|Any CPU
		{FC9EBDCE-705F-4FA3-BDB5-62FBC3EA83FC}.Release|Any CPU.ActiveCfg = Release|Any CPU
		{FC9EBDCE-705F-4FA3-BDB5-62FBC3EA83FC}.Release|Any CPU.Build.0 = Release|Any CPU
	EndGlobalSection
	GlobalSection(SolutionProperties) = preSolution
		HideSolutionNode = FALSE
	EndGlobalSection
	GlobalSection(NestedProjects) = preSolution
		{9AAD2220-5B35-4EB4-8B10-01603534A3F3} = {C7740061-6231-4D47-AAFA-3891D38D6006}
		{A172ADDE-A71C-43F6-8CFF-DA9B0CCD44EC} = {36904275-FAE2-44D0-93E0-2A6CFB66C0B8}
		{F392B815-2035-4710-BD31-46C47F797DDF} = {F1794003-7F77-410B-A510-505BDBFD09EA}
		{E7D90869-C745-4DAC-8468-64FEB86CAE89} = {8C51A21B-195B-47CB-AFF5-5437CA9EB804}
		{E688CC95-419B-4D14-84E2-D3767C1BD46F} = {8C51A21B-195B-47CB-AFF5-5437CA9EB804}
		{7C1AB106-540D-4E82-95B7-75891DDCA1C5} = {8C51A21B-195B-47CB-AFF5-5437CA9EB804}
		{2FBF1F92-106D-43FF-B018-EE818290127E} = {8C51A21B-195B-47CB-AFF5-5437CA9EB804}
		{2310AA1E-96F5-4D43-B571-B3421E8A2E64} = {C7740061-6231-4D47-AAFA-3891D38D6006}
		{5090371B-87DE-48F2-B08B-7B461F37F707} = {36904275-FAE2-44D0-93E0-2A6CFB66C0B8}
		{39A39AD8-F105-42C2-99EA-58E5921DC40A} = {8C51A21B-195B-47CB-AFF5-5437CA9EB804}
		{7734301E-3B71-48EC-911D-5D306665408D} = {38292FE6-94E3-4D4C-B65F-3D9564077771}
		{ADB1BBF5-6570-4436-84BA-3924B7603888} = {38292FE6-94E3-4D4C-B65F-3D9564077771}
		{11A0AE70-64BA-4CAE-B16E-7054D3268ECA} = {8C51A21B-195B-47CB-AFF5-5437CA9EB804}
		{52182E9C-FE7B-42E3-9101-CEB1C4CF471E} = {38292FE6-94E3-4D4C-B65F-3D9564077771}
		{DF3209D8-3DF5-447E-9BCB-B8DF5728BC5D} = {38292FE6-94E3-4D4C-B65F-3D9564077771}
		{5927A990-7B92-4BE1-B960-1B935B29F1AF} = {38292FE6-94E3-4D4C-B65F-3D9564077771}
		{1D119C19-0205-4C23-A221-851DE102C810} = {8C51A21B-195B-47CB-AFF5-5437CA9EB804}
		{787DB97E-D31E-4EEA-A802-58AA4824B4C2} = {38292FE6-94E3-4D4C-B65F-3D9564077771}
		{1D7292B5-3E33-4E45-8B43-7638A9FA243E} = {38292FE6-94E3-4D4C-B65F-3D9564077771}
		{43A5DAB4-F33C-4603-BFE9-6EDFD36E9746} = {8C51A21B-195B-47CB-AFF5-5437CA9EB804}
		{FC9EBDCE-705F-4FA3-BDB5-62FBC3EA83FC} = {8C51A21B-195B-47CB-AFF5-5437CA9EB804}
	EndGlobalSection
	GlobalSection(ExtensibilityGlobals) = postSolution
		SolutionGuid = {E89B9F72-B418-4CD1-AD68-60021B896B64}
	EndGlobalSection
EndGlobal
